
Microsoft Visual Studio Solution File, Format Version 12.00
# Visual Studio 15
VisualStudioVersion = 15.0.28307.489
MinimumVisualStudioVersion = 10.0.40219.1
Project("{FAE04EC0-301F-11D3-BF4B-00C04F79EFBC}") = "GUI", "GUI\GUI.csproj", "{21B2F38B-090F-47EE-81C0-6B21C8DFD989}"
EndProject
Project("{FAE04EC0-301F-11D3-BF4B-00C04F79EFBC}") = "Application", "Application\Application.csproj", "{BE6133F4-A14C-4D8A-A212-E8F1AED9374F}"
EndProject
Project("{FAE04EC0-301F-11D3-BF4B-00C04F79EFBC}") = "Domain", "Domain\Domain.csproj", "{423A8DCF-C7EB-4D31-8228-34A26743D235}"
EndProject
Project("{FAE04EC0-301F-11D3-BF4B-00C04F79EFBC}") = "Test", "Test\Test.csproj", "{76923048-9EB1-45F0-87EE-D9AEF3782A26}"
EndProject
Global
	GlobalSection(SolutionConfigurationPlatforms) = preSolution
		Debug|Any CPU = Debug|Any CPU
		Release|Any CPU = Release|Any CPU
	EndGlobalSection
	GlobalSection(ProjectConfigurationPlatforms) = postSolution
		{21B2F38B-090F-47EE-81C0-6B21C8DFD989}.Debug|Any CPU.ActiveCfg = Debug|Any CPU
		{21B2F38B-090F-47EE-81C0-6B21C8DFD989}.Debug|Any CPU.Build.0 = Debug|Any CPU
		{21B2F38B-090F-47EE-81C0-6B21C8DFD989}.Release|Any CPU.ActiveCfg = Release|Any CPU
		{21B2F38B-090F-47EE-81C0-6B21C8DFD989}.Release|Any CPU.Build.0 = Release|Any CPU
		{BE6133F4-A14C-4D8A-A212-E8F1AED9374F}.Debug|Any CPU.ActiveCfg = Debug|Any CPU
		{BE6133F4-A14C-4D8A-A212-E8F1AED9374F}.Debug|Any CPU.Build.0 = Debug|Any CPU
		{BE6133F4-A14C-4D8A-A212-E8F1AED9374F}.Release|Any CPU.ActiveCfg = Release|Any CPU
		{BE6133F4-A14C-4D8A-A212-E8F1AED9374F}.Release|Any CPU.Build.0 = Release|Any CPU
		{423A8DCF-C7EB-4D31-8228-34A26743D235}.Debug|Any CPU.ActiveCfg = Debug|Any CPU
		{423A8DCF-C7EB-4D31-8228-34A26743D235}.Debug|Any CPU.Build.0 = Debug|Any CPU
		{423A8DCF-C7EB-4D31-8228-34A26743D235}.Release|Any CPU.ActiveCfg = Release|Any CPU
		{423A8DCF-C7EB-4D31-8228-34A26743D235}.Release|Any CPU.Build.0 = Release|Any CPU
		{76923048-9EB1-45F0-87EE-D9AEF3782A26}.Debug|Any CPU.ActiveCfg = Debug|Any CPU
		{76923048-9EB1-45F0-87EE-D9AEF3782A26}.Debug|Any CPU.Build.0 = Debug|Any CPU
		{76923048-9EB1-45F0-87EE-D9AEF3782A26}.Release|Any CPU.ActiveCfg = Release|Any CPU
		{76923048-9EB1-45F0-87EE-D9AEF3782A26}.Release|Any CPU.Build.0 = Release|Any CPU
	EndGlobalSection
	GlobalSection(SolutionProperties) = preSolution
		HideSolutionNode = FALSE
	EndGlobalSection
	GlobalSection(ExtensibilityGlobals) = postSolution
		SolutionGuid = {44C7951C-4F36-4DA8-A254-2339BA88238B}
	EndGlobalSection
EndGlobal
